Microsoft Visual Studio Solution File, Format Version 12.00
# Visual Studio Version 17
VisualStudioVersion = 17.5.2.0
MinimumVisualStudioVersion = 10.0.40219.1
Project("{FAE04EC0-301F-11D3-BF4B-00C04F79EFBC}") = "Proje", "Proje\Proje.csproj", "{A9651FE3-FB96-2C01-02B3-123AAB18ED9A}"
EndProject
Global
	GlobalSection(SolutionConfigurationPlatforms) = preSolution
		Debug|Any CPU = Debug|Any CPU
		Release|Any CPU = Release|Any CPU
	EndGlobalSection
	GlobalSection(ProjectConfigurationPlatforms) = postSolution
		{A9651FE3-FB96-2C01-02B3-123AAB18ED9A}.Debug|Any CPU.ActiveCfg = Debug|Any CPU
		{A9651FE3-FB96-2C01-02B3-123AAB18ED9A}.Debug|Any CPU.Build.0 = Debug|Any CPU
		{A9651FE3-FB96-2C01-02B3-123AAB18ED9A}.Release|Any CPU.ActiveCfg = Release|Any CPU
		{A9651FE3-FB96-2C01-02B3-123AAB18ED9A}.Release|Any CPU.Build.0 = Release|Any CPU
	EndGlobalSection
	GlobalSection(SolutionProperties) = preSolution
		HideSolutionNode = FALSE
	EndGlobalSection
	GlobalSection(ExtensibilityGlobals) = postSolution
		SolutionGuid = {9D3483C4-A717-4665-98D0-95B540C97F58}
	EndGlobalSection
EndGlobal
